
Microsoft Visual Studio Solution File, Format Version 12.00
# Visual Studio Version 16
VisualStudioVersion = 16.0.29403.142
MinimumVisualStudioVersion = 10.0.40219.1
Project("{FAE04EC0-301F-11D3-BF4B-00C04F79EFBC}") = "EdiFabric.Batch.Processing", "EdiFabric.Batch.Processing\EdiFabric.Batch.Processing.csproj", "{53DD5272-D289-43DE-89DC-491E0392C773}"
EndProject
Global
	GlobalSection(SolutionConfigurationPlatforms) = preSolution
		Debug|Any CPU = Debug|Any CPU
		Release|Any CPU = Release|Any CPU
	EndGlobalSection
	GlobalSection(ProjectConfigurationPlatforms) = postSolution
		{53DD5272-D289-43DE-89DC-491E0392C773}.Debug|Any CPU.ActiveCfg = Debug|Any CPU
		{53DD5272-D289-43DE-89DC-491E0392C773}.Debug|Any CPU.Build.0 = Debug|Any CPU
		{53DD5272-D289-43DE-89DC-491E0392C773}.Release|Any CPU.ActiveCfg = Release|Any CPU
		{53DD5272-D289-43DE-89DC-491E0392C773}.Release|Any CPU.Build.0 = Release|Any CPU
	EndGlobalSection
	GlobalSection(SolutionProperties) = preSolution
		HideSolutionNode = FALSE
	EndGlobalSection
	GlobalSection(ExtensibilityGlobals) = postSolution
		SolutionGuid = {3A7F2E37-AB08-426E-A834-99BB7E67DABD}
	EndGlobalSection
EndGlobal
